{
  "object": {
    "pins": [
      {
        "package": "PagingMenuController",
        "repositoryURL": "/Users/lamnd/Projects/Github/PagingMenuController",
        "state": {
          "branch": "spm",
          "revision": "f0caf0ac29444100d3a681bbf6ab26f439f9abd8",
          "version": null
        }
      }
    ]
  },
  "version": 1
}
