PODS:
  - PagingMenuController (2.2.0)

DEPENDENCIES:
  - PagingMenuController (from `../`)

EXTERNAL SOURCES:
  PagingMenuController:
    :path: "../"

SPEC CHECKSUMS:
  PagingMenuController: b244fbe5f1b1e86f806c4a42d283285e33ecb5ab

PODFILE CHECKSUM: 7b2e46b7b345ea3f249a8cdbbe800eec46056dd7

COCOAPODS: 1.5.3
