{
  "object": {
    "pins": [
      {
        "package": "PagingMenuController",
        "repositoryURL": "https://github.com/lamnd91/PagingMenuController",
        "state": {
          "branch": "spm",
          "revision": "0e39191c3ac50e99a7c08c9a4b359341576b4366",
          "version": null
        }
      }
    ]
  },
  "version": 1
}
